
Microsoft Visual Studio Solution File, Format Version 12.00
# Visual Studio 15
VisualStudioVersion = 15.0.28307.572
MinimumVisualStudioVersion = 10.0.40219.1
Project("{FAE04EC0-301F-11D3-BF4B-00C04F79EFBC}") = "GPC", "WpfApp1\GPC.csproj", "{E2067823-831C-46C3-9D9C-9831F88981EA}"
EndProject
Project("{54435603-DBB4-11D2-8724-00A0C9A8B90C}") = "GPCSetup", "GPCSetup\GPCSetup.vdproj", "{FA5B86B2-BC0C-4E92-B3D0-5ABDA996D0D6}"
EndProject
Global
	GlobalSection(SolutionConfigurationPlatforms) = preSolution
		Debug|Any CPU = Debug|Any CPU
		Release|Any CPU = Release|Any CPU
	EndGlobalSection
	GlobalSection(ProjectConfigurationPlatforms) = postSolution
		{E2067823-831C-46C3-9D9C-9831F88981EA}.Debug|Any CPU.ActiveCfg = Debug|Any CPU
		{E2067823-831C-46C3-9D9C-9831F88981EA}.Debug|Any CPU.Build.0 = Debug|Any CPU
		{E2067823-831C-46C3-9D9C-9831F88981EA}.Release|Any CPU.ActiveCfg = Release|Any CPU
		{E2067823-831C-46C3-9D9C-9831F88981EA}.Release|Any CPU.Build.0 = Release|Any CPU
		{FA5B86B2-BC0C-4E92-B3D0-5ABDA996D0D6}.Debug|Any CPU.ActiveCfg = Debug
		{FA5B86B2-BC0C-4E92-B3D0-5ABDA996D0D6}.Release|Any CPU.ActiveCfg = Release
	EndGlobalSection
	GlobalSection(SolutionProperties) = preSolution
		HideSolutionNode = FALSE
	EndGlobalSection
	GlobalSection(ExtensibilityGlobals) = postSolution
		SolutionGuid = {CA13FEC0-7B6D-4064-A408-9D59D2AF8ED9}
	EndGlobalSection
EndGlobal
